
Microsoft Visual Studio Solution File, Format Version 12.00
# Visual Studio Version 16
VisualStudioVersion = 16.0.29926.136
MinimumVisualStudioVersion = 10.0.40219.1
Project("{9A19103F-16F7-4668-BE54-9A1E7A4F7556}") = "WebApplication1", "WebApplication1.csproj", "{0555F59E-8E4C-475A-83A7-568838398B19}"
EndProject
Project("{2150E333-8FDC-42A3-9474-1A3956D46DE8}") = "Solution Items", "Solution Items", "{14116DEA-4CE0-4563-A582-18FBD993A14B}"
	ProjectSection(SolutionItems) = preProject
		.editorconfig = .editorconfig
	EndProjectSection
EndProject
Global
	GlobalSection(SolutionConfigurationPlatforms) = preSolution
		Debug|Any CPU = Debug|Any CPU
		Release|Any CPU = Release|Any CPU
	EndGlobalSection
	GlobalSection(ProjectConfigurationPlatforms) = postSolution
		{0555F59E-8E4C-475A-83A7-568838398B19}.Debug|Any CPU.ActiveCfg = Debug|Any CPU
		{0555F59E-8E4C-475A-83A7-568838398B19}.Debug|Any CPU.Build.0 = Debug|Any CPU
		{0555F59E-8E4C-475A-83A7-568838398B19}.Release|Any CPU.ActiveCfg = Release|Any CPU
		{0555F59E-8E4C-475A-83A7-568838398B19}.Release|Any CPU.Build.0 = Release|Any CPU
	EndGlobalSection
	GlobalSection(SolutionProperties) = preSolution
		HideSolutionNode = FALSE
	EndGlobalSection
	GlobalSection(ExtensibilityGlobals) = postSolution
		SolutionGuid = {579DB91B-5EF4-499C-9784-26E2DD770D02}
	EndGlobalSection
EndGlobal
